
Microsoft Visual Studio Solution File, Format Version 12.00
# Visual Studio 2013
VisualStudioVersion = 12.0.40629.0
MinimumVisualStudioVersion = 10.0.40219.1
Project("{FAE04EC0-301F-11D3-BF4B-00C04F79EFBC}") = "RestApiDemoConsoleApplication", "RestApiDemoConsoleApplication\RestApiDemoConsoleApplication.csproj", "{592F0C05-A89F-4B18-9C91-C01FF4FD1BA6}"
EndProject
Project("{FAE04EC0-301F-11D3-BF4B-00C04F79EFBC}") = "RestApiDemoRepository", "RestApiDemoRepository\RestApiDemoRepository.csproj", "{1F46A08C-179C-4BC4-8652-4212A4581E91}"
EndProject
Project("{FAE04EC0-301F-11D3-BF4B-00C04F79EFBC}") = "RestApiDemoUnitTests", "RestApiDemoUnitTests\RestApiDemoUnitTests.csproj", "{9BCDD371-61E1-4CA3-A71A-3FB064AB672F}"
EndProject
Project("{2150E333-8FDC-42A3-9474-1A3956D46DE8}") = ".nuget", ".nuget", "{5653BA2E-21F5-41C6-8710-5D145E2AEBA1}"
	ProjectSection(SolutionItems) = preProject
		.nuget\NuGet.Config = .nuget\NuGet.Config
		.nuget\NuGet.exe = .nuget\NuGet.exe
		.nuget\NuGet.targets = .nuget\NuGet.targets
	EndProjectSection
EndProject
Project("{FAE04EC0-301F-11D3-BF4B-00C04F79EFBC}") = "RestApiDemoXUnitTests", "RestApiDemoXUnitTests\RestApiDemoXUnitTests.csproj", "{5CABDAD8-D633-40C0-AC2D-540A453AA792}"
EndProject
Global
	GlobalSection(SolutionConfigurationPlatforms) = preSolution
		Debug|Any CPU = Debug|Any CPU
		Release|Any CPU = Release|Any CPU
	EndGlobalSection
	GlobalSection(ProjectConfigurationPlatforms) = postSolution
		{592F0C05-A89F-4B18-9C91-C01FF4FD1BA6}.Debug|Any CPU.ActiveCfg = Debug|Any CPU
		{592F0C05-A89F-4B18-9C91-C01FF4FD1BA6}.Debug|Any CPU.Build.0 = Debug|Any CPU
		{592F0C05-A89F-4B18-9C91-C01FF4FD1BA6}.Release|Any CPU.ActiveCfg = Release|Any CPU
		{592F0C05-A89F-4B18-9C91-C01FF4FD1BA6}.Release|Any CPU.Build.0 = Release|Any CPU
		{1F46A08C-179C-4BC4-8652-4212A4581E91}.Debug|Any CPU.ActiveCfg = Debug|Any CPU
		{1F46A08C-179C-4BC4-8652-4212A4581E91}.Debug|Any CPU.Build.0 = Debug|Any CPU
		{1F46A08C-179C-4BC4-8652-4212A4581E91}.Release|Any CPU.ActiveCfg = Release|Any CPU
		{1F46A08C-179C-4BC4-8652-4212A4581E91}.Release|Any CPU.Build.0 = Release|Any CPU
		{9BCDD371-61E1-4CA3-A71A-3FB064AB672F}.Debug|Any CPU.ActiveCfg = Debug|Any CPU
		{9BCDD371-61E1-4CA3-A71A-3FB064AB672F}.Debug|Any CPU.Build.0 = Debug|Any CPU
		{9BCDD371-61E1-4CA3-A71A-3FB064AB672F}.Release|Any CPU.ActiveCfg = Release|Any CPU
		{9BCDD371-61E1-4CA3-A71A-3FB064AB672F}.Release|Any CPU.Build.0 = Release|Any CPU
		{5CABDAD8-D633-40C0-AC2D-540A453AA792}.Debug|Any CPU.ActiveCfg = Debug|Any CPU
		{5CABDAD8-D633-40C0-AC2D-540A453AA792}.Debug|Any CPU.Build.0 = Debug|Any CPU
		{5CABDAD8-D633-40C0-AC2D-540A453AA792}.Release|Any CPU.ActiveCfg = Release|Any CPU
		{5CABDAD8-D633-40C0-AC2D-540A453AA792}.Release|Any CPU.Build.0 = Release|Any CPU
	EndGlobalSection
	GlobalSection(SolutionProperties) = preSolution
		HideSolutionNode = FALSE
	EndGlobalSection
EndGlobal
